
Microsoft Visual Studio Solution File, Format Version 12.00
# Visual Studio Version 16
VisualStudioVersion = 16.0.32901.82
MinimumVisualStudioVersion = 10.0.40219.1
Project("{FAE04EC0-301F-11D3-BF4B-00C04F79EFBC}") = "NHM", "NHM.csproj", "{90B99A7E-8B6C-46C5-9C13-C41CFFFAD7FE}"
EndProject
Global
	GlobalSection(SolutionConfigurationPlatforms) = preSolution
		Debug|Any CPU = Debug|Any CPU
		Release|Any CPU = Release|Any CPU
	EndGlobalSection
	GlobalSection(ProjectConfigurationPlatforms) = postSolution
		{90B99A7E-8B6C-46C5-9C13-C41CFFFAD7FE}.Debug|Any CPU.ActiveCfg = Debug|Any CPU
		{90B99A7E-8B6C-46C5-9C13-C41CFFFAD7FE}.Debug|Any CPU.Build.0 = Debug|Any CPU
		{90B99A7E-8B6C-46C5-9C13-C41CFFFAD7FE}.Release|Any CPU.ActiveCfg = Release|Any CPU
		{90B99A7E-8B6C-46C5-9C13-C41CFFFAD7FE}.Release|Any CPU.Build.0 = Release|Any CPU
	EndGlobalSection
	GlobalSection(SolutionProperties) = preSolution
		HideSolutionNode = FALSE
	EndGlobalSection
	GlobalSection(ExtensibilityGlobals) = postSolution
		SolutionGuid = {27852956-AE37-4A2E-934E-3977C0894BAC}
	EndGlobalSection
EndGlobal
